// !$*UTF8*$!
{
	archiveVersion = 1;
	classes = {
	};
	objectVersion = 50;
	objects = {

/* Begin PBXBuildFile section */
		46E8615225BC4EB500BF855B /* My_MoviesApp.swift in Sources */ = {isa = PBXBuildFile; fileRef = 46E8615125BC4EB500BF855B /* My_MoviesApp.swift */; };
		46E8615425BC4EB500BF855B /* ContentView.swift in Sources */ = {isa = PBXBuildFile; fileRef = 46E8615325BC4EB500BF855B /* ContentView.swift */; };
		46E8615625BC4EB600BF855B /* Assets.xcassets in Resources */ = {isa = PBXBuildFile; fileRef = 46E8615525BC4EB600BF855B /* Assets.xcassets */; };
		46E8615925BC4EB600BF855B /* Preview Assets.xcassets in Resources */ = {isa = PBXBuildFile; fileRef = 46E8615825BC4EB600BF855B /* Preview Assets.xcassets */; };
		46E8616425BC4EB600BF855B /* My_MoviesTests.swift in Sources */ = {isa = PBXBuildFile; fileRef = 46E8616325BC4EB600BF855B /* My_MoviesTests.swift */; };
		46E8616F25BC4EB600BF855B /* My_MoviesUITests.swift in Sources */ = {isa = PBXBuildFile; fileRef = 46E8616E25BC4EB600BF855B /* My_MoviesUITests.swift */; };
/* End PBXBuildFile section */

/* Begin PBXContainerItemProxy section */
		46E8616025BC4EB600BF855B /* PBXContainerItemProxy */ = {
			isa = PBXContainerItemProxy;
			containerPortal = 46E8614625BC4EB500BF855B /* Project object */;
			proxyType = 1;
			remoteGlobalIDString = 46E8614D25BC4EB500BF855B;
			remoteInfo = "My Movies";
		};
		46E8616B25BC4EB600BF855B /* PBXContainerItemProxy */ = {
			isa = PBXContainerItemProxy;
			containerPortal = 46E8614625BC4EB500BF855B /* Project object */;
			proxyType = 1;
			remoteGlobalIDString = 46E8614D25BC4EB500BF855B;
			remoteInfo = "My Movies";
		};
/* End PBXContainerItemProxy section */

/* Begin PBXFileReference section */
		46E8614E25BC4EB500BF855B /* My Movies.app */ = {isa = PBXFileReference; explicitFileType = wrapper.application; includeInIndex = 0; path = "My Movies.app"; sourceTree = BUILT_PRODUCTS_DIR; };
		46E8615125BC4EB500BF855B /* My_MoviesApp.swift */ = {isa = PBXFileReference; lastKnownFileType = sourcecode.swift; path = My_MoviesApp.swift; sourceTree = "<group>"; };
		46E8615325BC4EB500BF855B /* ContentView.swift */ = {isa = PBXFileReference; lastKnownFileType = sourcecode.swift; path = ContentView.swift; sourceTree = "<group>"; };
		46E8615525BC4EB600BF855B /* Assets.xcassets */ = {isa = PBXFileReference; lastKnownFileType = folder.assetcatalog; path = Assets.xcassets; sourceTree = "<group>"; };
		46E8615825BC4EB600BF855B /* Preview Assets.xcassets */ = {isa = PBXFileReference; lastKnownFileType = folder.assetcatalog; path = "Preview Assets.xcassets"; sourceTree = "<group>"; };
		46E8615A25BC4EB600BF855B /* Info.plist */ = {isa = PBXFileReference; lastKnownFileType = text.plist.xml; path = Info.plist; sourceTree = "<group>"; };
		46E8615F25BC4EB600BF855B /* My MoviesTests.xctest */ = {isa = PBXFileReference; explicitFileType = wrapper.cfbundle; includeInIndex = 0; path = "My MoviesTests.xctest"; sourceTree = BUILT_PRODUCTS_DIR; };
		46E8616325BC4EB600BF855B /* My_MoviesTests.swift */ = {isa = PBXFileReference; lastKnownFileType = sourcecode.swift; path = My_MoviesTests.swift; sourceTree = "<group>"; };
		46E8616525BC4EB600BF855B /* Info.plist */ = {isa = PBXFileReference; lastKnownFileType = text.plist.xml; path = Info.plist; sourceTree = "<group>"; };
		46E8616A25BC4EB600BF855B /* My MoviesUITests.xctest */ = {isa = PBXFileReference; explicitFileType = wrapper.cfbundle; includeInIndex = 0; path = "My MoviesUITests.xctest"; sourceTree = BUILT_PRODUCTS_DIR; };
		46E8616E25BC4EB600BF855B /* My_MoviesUITests.swift */ = {isa = PBXFileReference; lastKnownFileType = sourcecode.swift; path = My_MoviesUITests.swift; sourceTree = "<group>"; };
		46E8617025BC4EB600BF855B /* Info.plist */ = {isa = PBXFileReference; lastKnownFileType = text.plist.xml; path = Info.plist; sourceTree = "<group>"; };
/* End PBXFileReference section */

/* Begin PBXFrameworksBuildPhase section */
		46E8614B25BC4EB500BF855B /* Frameworks */ = {
			isa = PBXFrameworksBuildPhase;
			buildActionMask = 2147483647;
			files = (
			);
			runOnlyForDeploymentPostprocessing = 0;
		};
		46E8615C25BC4EB600BF855B /* Frameworks */ = {
			isa = PBXFrameworksBuildPhase;
			buildActionMask = 2147483647;
			files = (
			);
			runOnlyForDeploymentPostprocessing = 0;
		};
		46E8616725BC4EB600BF855B /* Frameworks */ = {
			isa = PBXFrameworksBuildPhase;
			buildActionMask = 2147483647;
			files = (
			);
			runOnlyForDeploymentPostprocessing = 0;
		};
/* End PBXFrameworksBuildPhase section */

/* Begin PBXGroup section */
		46E8614525BC4EB500BF855B = {
			isa = PBXGroup;
			children = (
				46E8615025BC4EB500BF855B /* My Movies */,
				46E8616225BC4EB600BF855B /* My MoviesTests */,
				46E8616D25BC4EB600BF855B /* My MoviesUITests */,
				46E8614F25BC4EB500BF855B /* Products */,
			);
			sourceTree = "<group>";
		};
		46E8614F25BC4EB500BF855B /* Products */ = {
			isa = PBXGroup;
			children = (
				46E8614E25BC4EB500BF855B /* My Movies.app */,
				46E8615F25BC4EB600BF855B /* My MoviesTests.xctest */,
				46E8616A25BC4EB600BF855B /* My MoviesUITests.xctest */,
			);
			name = Products;
			sourceTree = "<group>";
		};
		46E8615025BC4EB500BF855B /* My Movies */ = {
			isa = PBXGroup;
			children = (
				46E8615125BC4EB500BF855B /* My_MoviesApp.swift */,
				46E8615325BC4EB500BF855B /* ContentView.swift */,
				46E8615525BC4EB600BF855B /* Assets.xcassets */,
				46E8615A25BC4EB600BF855B /* Info.plist */,
				46E8615725BC4EB600BF855B /* Preview Content */,
			);
			path = "My Movies";
			sourceTree = "<group>";
		};
		46E8615725BC4EB600BF855B /* Preview Content */ = {
			isa = PBXGroup;
			children = (
				46E8615825BC4EB600BF855B /* Preview Assets.xcassets */,
			);
			path = "Preview Content";
			sourceTree = "<group>";
		};
		46E8616225BC4EB600BF855B /* My MoviesTests */ = {
			isa = PBXGroup;
			children = (
				46E8616325BC4EB600BF855B /* My_MoviesTests.swift */,
				46E8616525BC4EB600BF855B /* Info.plist */,
			);
			path = "My MoviesTests";
			sourceTree = "<group>";
		};
		46E8616D25BC4EB600BF855B /* My MoviesUITests */ = {
			isa = PBXGroup;
			children = (
				46E8616E25BC4EB600BF855B /* My_MoviesUITests.swift */,
				46E8617025BC4EB600BF855B /* Info.plist */,
			);
			path = "My MoviesUITests";
			sourceTree = "<group>";
		};
/* End PBXGroup section */

/* Begin PBXNativeTarget section */
		46E8614D25BC4EB500BF855B /* My Movies */ = {
			isa = PBXNativeTarget;
			buildConfigurationList = 46E8617325BC4EB600BF855B /* Build configuration list for PBXNativeTarget "My Movies" */;
			buildPhases = (
				46E8614A25BC4EB500BF855B /* Sources */,
				46E8614B25BC4EB500BF855B /* Frameworks */,
				46E8614C25BC4EB500BF855B /* Resources */,
			);
			buildRules = (
			);
			dependencies = (
			);
			name = "My Movies";
			productName = "My Movies";
			productReference = 46E8614E25BC4EB500BF855B /* My Movies.app */;
			productType = "com.apple.product-type.application";
		};
		46E8615E25BC4EB600BF855B /* My MoviesTests */ = {
			isa = PBXNativeTarget;
			buildConfigurationList = 46E8617625BC4EB600BF855B /* Build configuration list for PBXNativeTarget "My MoviesTests" */;
			buildPhases = (
				46E8615B25BC4EB600BF855B /* Sources */,
				46E8615C25BC4EB600BF855B /* Frameworks */,
				46E8615D25BC4EB600BF855B /* Resources */,
			);
			buildRules = (
			);
			dependencies = (
				46E8616125BC4EB600BF855B /* PBXTargetDependency */,
			);
			name = "My MoviesTests";
			productName = "My MoviesTests";
			productReference = 46E8615F25BC4EB600BF855B /* My MoviesTests.xctest */;
			productType = "com.apple.product-type.bundle.unit-test";
		};
		46E8616925BC4EB600BF855B /* My MoviesUITests */ = {
			isa = PBXNativeTarget;
			buildConfigurationList = 46E8617925BC4EB600BF855B /* Build configuration list for PBXNativeTarget "My MoviesUITests" */;
			buildPhases = (
				46E8616625BC4EB600BF855B /* Sources */,
				46E8616725BC4EB600BF855B /* Frameworks */,
				46E8616825BC4EB600BF855B /* Resources */,
			);
			buildRules = (
			);
			dependencies = (
				46E8616C25BC4EB600BF855B /* PBXTargetDependency */,
			);
			name = "My MoviesUITests";
			productName = "My MoviesUITests";
			productReference = 46E8616A25BC4EB600BF855B /* My MoviesUITests.xctest */;
			productType = "com.apple.product-type.bundle.ui-testing";
		};
/* End PBXNativeTarget section */

/* Begin PBXProject section */
		46E8614625BC4EB500BF855B /* Project object */ = {
			isa = PBXProject;
			attributes = {
				LastSwiftUpdateCheck = 1220;
				LastUpgradeCheck = 1220;
				TargetAttributes = {
					46E8614D25BC4EB500BF855B = {
						CreatedOnToolsVersion = 12.2;
					};
					46E8615E25BC4EB600BF855B = {
						CreatedOnToolsVersion = 12.2;
						TestTargetID = 46E8614D25BC4EB500BF855B;
					};
					46E8616925BC4EB600BF855B = {
						CreatedOnToolsVersion = 12.2;
						TestTargetID = 46E8614D25BC4EB500BF855B;
					};
				};
			};
			buildConfigurationList = 46E8614925BC4EB500BF855B /* Build configuration list for PBXProject "My Movies" */;
			compatibilityVersion = "Xcode 9.3";
			developmentRegion = en;
			hasScannedForEncodings = 0;
			knownRegions = (
				en,
				Base,
			);
			mainGroup = 46E8614525BC4EB500BF855B;
			productRefGroup = 46E8614F25BC4EB500BF855B /* Products */;
			projectDirPath = "";
			projectRoot = "";
			targets = (
				46E8614D25BC4EB500BF855B /* My Movies */,
				46E8615E25BC4EB600BF855B /* My MoviesTests */,
				46E8616925BC4EB600BF855B /* My MoviesUITests */,
			);
		};
/* End PBXProject section */

/* Begin PBXResourcesBuildPhase section */
		46E8614C25BC4EB500BF855B /* Resources */ = {
			isa = PBXResourcesBuildPhase;
			buildActionMask = 2147483647;
			files = (
				46E8615925BC4EB600BF855B /* Preview Assets.xcassets in Resources */,
				46E8615625BC4EB600BF855B /* Assets.xcassets in Resources */,
			);
			runOnlyForDeploymentPostprocessing = 0;
		};
		46E8615D25BC4EB600BF855B /* Resources */ = {
			isa = PBXResourcesBuildPhase;
			buildActionMask = 2147483647;
			files = (
			);
			runOnlyForDeploymentPostprocessing = 0;
		};
		46E8616825BC4EB600BF855B /* Resources */ = {
			isa = PBXResourcesBuildPhase;
			buildActionMask = 2147483647;
			files = (
			);
			runOnlyForDeploymentPostprocessing = 0;
		};
/* End PBXResourcesBuildPhase section */

/* Begin PBXSourcesBuildPhase section */
		46E8614A25BC4EB500BF855B /* Sources */ = {
			isa = PBXSourcesBuildPhase;
			buildActionMask = 2147483647;
			files = (
				46E8615425BC4EB500BF855B /* ContentView.swift in Sources */,
				46E8615225BC4EB500BF855B /* My_MoviesApp.swift in Sources */,
			);
			runOnlyForDeploymentPostprocessing = 0;
		};
		46E8615B25BC4EB600BF855B /* Sources */ = {
			isa = PBXSourcesBuildPhase;
			buildActionMask = 2147483647;
			files = (
				46E8616425BC4EB600BF855B /* My_MoviesTests.swift in Sources */,
			);
			runOnlyForDeploymentPostprocessing = 0;
		};
		46E8616625BC4EB600BF855B /* Sources */ = {
			isa = PBXSourcesBuildPhase;
			buildActionMask = 2147483647;
			files = (
				46E8616F25BC4EB600BF855B /* My_MoviesUITests.swift in Sources */,
			);
			runOnlyForDeploymentPostprocessing = 0;
		};
/* End PBXSourcesBuildPhase section */

/* Begin PBXTargetDependency section */
		46E8616125BC4EB600BF855B /* PBXTargetDependency */ = {
			isa = PBXTargetDependency;
			target = 46E8614D25BC4EB500BF855B /* My Movies */;
			targetProxy = 46E8616025BC4EB600BF855B /* PBXContainerItemProxy */;
		};
		46E8616C25BC4EB600BF855B /* PBXTargetDependency */ = {
			isa = PBXTargetDependency;
			target = 46E8614D25BC4EB500BF855B /* My Movies */;
			targetProxy = 46E8616B25BC4EB600BF855B /* PBXContainerItemProxy */;
		};
/* End PBXTargetDependency section */

/* Begin XCBuildConfiguration section */
		46E8617125BC4EB600BF855B /* Debug */ = {
			isa = XCBuildConfiguration;
			buildSettings = {
				ALWAYS_SEARCH_USER_PATHS = NO;
				CLANG_ANALYZER_NONNULL = YES;
				CLANG_ANALYZER_NUMBER_OBJECT_CONVERSION = YES_AGGRESSIVE;
				CLANG_CXX_LANGUAGE_STANDARD = "gnu++14";
				CLANG_CXX_LIBRARY = "libc++";
				CLANG_ENABLE_MODULES = YES;
				CLANG_ENABLE_OBJC_ARC = YES;
				CLANG_ENABLE_OBJC_WEAK = YES;
				CLANG_WARN_BLOCK_CAPTURE_AUTORELEASING = YES;
				CLANG_WARN_BOOL_CONVERSION = YES;
				CLANG_WARN_COMMA = YES;
				CLANG_WARN_CONSTANT_CONVERSION = YES;
				CLANG_WARN_DEPRECATED_OBJC_IMPLEMENTATIONS = YES;
				CLANG_WARN_DIRECT_OBJC_ISA_USAGE = YES_ERROR;
				CLANG_WARN_DOCUMENTATION_COMMENTS = YES;
				CLANG_WARN_EMPTY_BODY = YES;
				CLANG_WARN_ENUM_CONVERSION = YES;
				CLANG_WARN_INFINITE_RECURSION = YES;
				CLANG_WARN_INT_CONVERSION = YES;
				CLANG_WARN_NON_LITERAL_NULL_CONVERSION = YES;
				CLANG_WARN_OBJC_IMPLICIT_RETAIN_SELF = YES;
				CLANG_WARN_OBJC_LITERAL_CONVERSION = YES;
				CLANG_WARN_OBJC_ROOT_CLASS = YES_ERROR;
				CLANG_WARN_QUOTED_INCLUDE_IN_FRAMEWORK_HEADER = YES;
				CLANG_WARN_RANGE_LOOP_ANALYSIS = YES;
				CLANG_WARN_STRICT_PROTOTYPES = YES;
				CLANG_WARN_SUSPICIOUS_MOVE = YES;
				CLANG_WARN_UNGUARDED_AVAILABILITY = YES_AGGRESSIVE;
				CLANG_WARN_UNREACHABLE_CODE = YES;
				CLANG_WARN__DUPLICATE_METHOD_MATCH = YES;
				COPY_PHASE_STRIP = NO;
				DEBUG_INFORMATION_FORMAT = dwarf;
				ENABLE_STRICT_OBJC_MSGSEND = YES;
				ENABLE_TESTABILITY = YES;
				GCC_C_LANGUAGE_STANDARD = gnu11;
				GCC_DYNAMIC_NO_PIC = NO;
				GCC_NO_COMMON_BLOCKS = YES;
				GCC_OPTIMIZATION_LEVEL = 0;
				GCC_PREPROCESSOR_DEFINITIONS = (
					"DEBUG=1",
					"$(inherited)",
				);
				GCC_WARN_64_TO_32_BIT_CONVERSION = YES;
				GCC_WARN_ABOUT_RETURN_TYPE = YES_ERROR;
				GCC_WARN_UNDECLARED_SELECTOR = YES;
				GCC_WARN_UNINITIALIZED_AUTOS = YES_AGGRESSIVE;
				GCC_WARN_UNUSED_FUNCTION = YES;
				GCC_WARN_UNUSED_VARIABLE = YES;
				IPHONEOS_DEPLOYMENT_TARGET = 14.2;
				MTL_ENABLE_DEBUG_INFO = INCLUDE_SOURCE;
				MTL_FAST_MATH = YES;
				ONLY_ACTIVE_ARCH = YES;
				SDKROOT = iphoneos;
				SWIFT_ACTIVE_COMPILATION_CONDITIONS = DEBUG;
				SWIFT_OPTIMIZATION_LEVEL = "-Onone";
			};
			name = Debug;
		};
		46E8617225BC4EB600BF855B /* Release */ = {
			isa = XCBuildConfiguration;
			buildSettings = {
				ALWAYS_SEARCH_USER_PATHS = NO;
				CLANG_ANALYZER_NONNULL = YES;
				CLANG_ANALYZER_NUMBER_OBJECT_CONVERSION = YES_AGGRESSIVE;
				CLANG_CXX_LANGUAGE_STANDARD = "gnu++14";
				CLANG_CXX_LIBRARY = "libc++";
				CLANG_ENABLE_MODULES = YES;
				CLANG_ENABLE_OBJC_ARC = YES;
				CLANG_ENABLE_OBJC_WEAK = YES;
				CLANG_WARN_BLOCK_CAPTURE_AUTORELEASING = YES;
				CLANG_WARN_BOOL_CONVERSION = YES;
				CLANG_WARN_COMMA = YES;
				CLANG_WARN_CONSTANT_CONVERSION = YES;
				CLANG_WARN_DEPRECATED_OBJC_IMPLEMENTATIONS = YES;
				CLANG_WARN_DIRECT_OBJC_ISA_USAGE = YES_ERROR;
				CLANG_WARN_DOCUMENTATION_COMMENTS = YES;
				CLANG_WARN_EMPTY_BODY = YES;
				CLANG_WARN_ENUM_CONVERSION = YES;
				CLANG_WARN_INFINITE_RECURSION = YES;
				CLANG_WARN_INT_CONVERSION = YES;
				CLANG_WARN_NON_LITERAL_NULL_CONVERSION = YES;
				CLANG_WARN_OBJC_IMPLICIT_RETAIN_SELF = YES;
				CLANG_WARN_OBJC_LITERAL_CONVERSION = YES;
				CLANG_WARN_OBJC_ROOT_CLASS = YES_ERROR;
				CLANG_WARN_QUOTED_INCLUDE_IN_FRAMEWORK_HEADER = YES;
				CLANG_WARN_RANGE_LOOP_ANALYSIS = YES;
				CLANG_WARN_STRICT_PROTOTYPES = YES;
				CLANG_WARN_SUSPICIOUS_MOVE = YES;
				CLANG_WARN_UNGUARDED_AVAILABILITY = YES_AGGRESSIVE;
				CLANG_WARN_UNREACHABLE_CODE = YES;
				CLANG_WARN__DUPLICATE_METHOD_MATCH = YES;
				COPY_PHASE_STRIP = NO;
				DEBUG_INFORMATION_FORMAT = "dwarf-with-dsym";
				ENABLE_NS_ASSERTIONS = NO;
				ENABLE_STRICT_OBJC_MSGSEND = YES;
				GCC_C_LANGUAGE_STANDARD = gnu11;
				GCC_NO_COMMON_BLOCKS = YES;
				GCC_WARN_64_TO_32_BIT_CONVERSION = YES;
				GCC_WARN_ABOUT_RETURN_TYPE = YES_ERROR;
				GCC_WARN_UNDECLARED_SELECTOR = YES;
				GCC_WARN_UNINITIALIZED_AUTOS = YES_AGGRESSIVE;
				GCC_WARN_UNUSED_FUNCTION = YES;
				GCC_WARN_UNUSED_VARIABLE = YES;
				IPHONEOS_DEPLOYMENT_TARGET = 14.2;
				MTL_ENABLE_DEBUG_INFO = NO;
				MTL_FAST_MATH = YES;
				SDKROOT = iphoneos;
				SWIFT_COMPILATION_MODE = wholemodule;
				SWIFT_OPTIMIZATION_LEVEL = "-O";
				VALIDATE_PRODUCT = YES;
			};
			name = Release;
		};
		46E8617425BC4EB600BF855B /* Debug */ = {
			isa = XCBuildConfiguration;
			buildSettings = {
				ASSETCATALOG_COMPILER_APPICON_NAME = AppIcon;
				ASSETCATALOG_COMPILER_GLOBAL_ACCENT_COLOR_NAME = AccentColor;
				CODE_SIGN_STYLE = Automatic;
				DEVELOPMENT_ASSET_PATHS = "\"My Movies/Preview Content\"";
				DEVELOPMENT_TEAM = W6CV68MHPD;
				ENABLE_PREVIEWS = YES;
				INFOPLIST_FILE = "My Movies/Info.plist";
				IPHONEOS_DEPLOYMENT_TARGET = 14.0;
				LD_RUNPATH_SEARCH_PATHS = (
					"$(inherited)",
					"@executable_path/Frameworks",
				);
				PRODUCT_BUNDLE_IDENTIFIER = "com.andalso.My-Movies";
				PRODUCT_NAME = "$(TARGET_NAME)";
				SWIFT_VERSION = 5.0;
				TARGETED_DEVICE_FAMILY = "1,2";
			};
			name = Debug;
		};
		46E8617525BC4EB600BF855B /* Release */ = {
			isa = XCBuildConfiguration;
			buildSettings = {
				ASSETCATALOG_COMPILER_APPICON_NAME = AppIcon;
				ASSETCATALOG_COMPILER_GLOBAL_ACCENT_COLOR_NAME = AccentColor;
				CODE_SIGN_STYLE = Automatic;
				DEVELOPMENT_ASSET_PATHS = "\"My Movies/Preview Content\"";
				DEVELOPMENT_TEAM = W6CV68MHPD;
				ENABLE_PREVIEWS = YES;
				INFOPLIST_FILE = "My Movies/Info.plist";
				IPHONEOS_DEPLOYMENT_TARGET = 14.0;
				LD_RUNPATH_SEARCH_PATHS = (
					"$(inherited)",
					"@executable_path/Frameworks",
				);
				PRODUCT_BUNDLE_IDENTIFIER = "com.andalso.My-Movies";
				PRODUCT_NAME = "$(TARGET_NAME)";
				SWIFT_VERSION = 5.0;
				TARGETED_DEVICE_FAMILY = "1,2";
			};
			name = Release;
		};
		46E8617725BC4EB600BF855B /* Debug */ = {
			isa = XCBuildConfiguration;
			buildSettings = {
				ALWAYS_EMBED_SWIFT_STANDARD_LIBRARIES = YES;
				BUNDLE_LOADER = "$(TEST_HOST)";
				CODE_SIGN_STYLE = Automatic;
				DEVELOPMENT_TEAM = W6CV68MHPD;
				INFOPLIST_FILE = "My MoviesTests/Info.plist";
				IPHONEOS_DEPLOYMENT_TARGET = 14.0;
				LD_RUNPATH_SEARCH_PATHS = (
					"$(inherited)",
					"@executable_path/Frameworks",
					"@loader_path/Frameworks",
				);
				PRODUCT_BUNDLE_IDENTIFIER = "com.andalso.My-MoviesTests";
				PRODUCT_NAME = "$(TARGET_NAME)";
				SWIFT_VERSION = 5.0;
				TARGETED_DEVICE_FAMILY = "1,2";
				TEST_HOST = "$(BUILT_PRODUCTS_DIR)/My Movies.app/My Movies";
			};
			name = Debug;
		};
		46E8617825BC4EB600BF855B /* Release */ = {
			isa = XCBuildConfiguration;
			buildSettings = {
				ALWAYS_EMBED_SWIFT_STANDARD_LIBRARIES = YES;
				BUNDLE_LOADER = "$(TEST_HOST)";
				CODE_SIGN_STYLE = Automatic;
				DEVELOPMENT_TEAM = W6CV68MHPD;
				INFOPLIST_FILE = "My MoviesTests/Info.plist";
				IPHONEOS_DEPLOYMENT_TARGET = 14.0;
				LD_RUNPATH_SEARCH_PATHS = (
					"$(inherited)",
					"@executable_path/Frameworks",
					"@loader_path/Frameworks",
				);
				PRODUCT_BUNDLE_IDENTIFIER = "com.andalso.My-MoviesTests";
				PRODUCT_NAME = "$(TARGET_NAME)";
				SWIFT_VERSION = 5.0;
				TARGETED_DEVICE_FAMILY = "1,2";
				TEST_HOST = "$(BUILT_PRODUCTS_DIR)/My Movies.app/My Movies";
			};
			name = Release;
		};
		46E8617A25BC4EB600BF855B /* Debug */ = {
			isa = XCBuildConfiguration;
			buildSettings = {
				ALWAYS_EMBED_SWIFT_STANDARD_LIBRARIES = YES;
				CODE_SIGN_STYLE = Automatic;
				DEVELOPMENT_TEAM = W6CV68MHPD;
				INFOPLIST_FILE = "My MoviesUITests/Info.plist";
				LD_RUNPATH_SEARCH_PATHS = (
					"$(inherited)",
					"@executable_path/Frameworks",
					"@loader_path/Frameworks",
				);
				PRODUCT_BUNDLE_IDENTIFIER = "com.andalso.My-MoviesUITests";
				PRODUCT_NAME = "$(TARGET_NAME)";
				SWIFT_VERSION = 5.0;
				TARGETED_DEVICE_FAMILY = "1,2";
				TEST_TARGET_NAME = "My Movies";
			};
			name = Debug;
		};
		46E8617B25BC4EB600BF855B /* Release */ = {
			isa = XCBuildConfiguration;
			buildSettings = {
				ALWAYS_EMBED_SWIFT_STANDARD_LIBRARIES = YES;
				CODE_SIGN_STYLE = Automatic;
				DEVELOPMENT_TEAM = W6CV68MHPD;
				INFOPLIST_FILE = "My MoviesUITests/Info.plist";
				LD_RUNPATH_SEARCH_PATHS = (
					"$(inherited)",
					"@executable_path/Frameworks",
					"@loader_path/Frameworks",
				);
				PRODUCT_BUNDLE_IDENTIFIER = "com.andalso.My-MoviesUITests";
				PRODUCT_NAME = "$(TARGET_NAME)";
				SWIFT_VERSION = 5.0;
				TARGETED_DEVICE_FAMILY = "1,2";
				TEST_TARGET_NAME = "My Movies";
			};
			name = Release;
		};
/* End XCBuildConfiguration section */

/* Begin XCConfigurationList section */
		46E8614925BC4EB500BF855B /* Build configuration list for PBXProject "My Movies" */ = {
			isa = XCConfigurationList;
			buildConfigurations = (
				46E8617125BC4EB600BF855B /* Debug */,
				46E8617225BC4EB600BF855B /* Release */,
			);
			defaultConfigurationIsVisible = 0;
			defaultConfigurationName = Release;
		};
		46E8617325BC4EB600BF855B /* Build configuration list for PBXNativeTarget "My Movies" */ = {
			isa = XCConfigurationList;
			buildConfigurations = (
				46E8617425BC4EB600BF855B /* Debug */,
				46E8617525BC4EB600BF855B /* Release */,
			);
			defaultConfigurationIsVisible = 0;
			defaultConfigurationName = Release;
		};
		46E8617625BC4EB600BF855B /* Build configuration list for PBXNativeTarget "My MoviesTests" */ = {
			isa = XCConfigurationList;
			buildConfigurations = (
				46E8617725BC4EB600BF855B /* Debug */,
				46E8617825BC4EB600BF855B /* Release */,
			);
			defaultConfigurationIsVisible = 0;
			defaultConfigurationName = Release;
		};
		46E8617925BC4EB600BF855B /* Build configuration list for PBXNativeTarget "My MoviesUITests" */ = {
			isa = XCConfigurationList;
			buildConfigurations = (
				46E8617A25BC4EB600BF855B /* Debug */,
				46E8617B25BC4EB600BF855B /* Release */,
			);
			defaultConfigurationIsVisible = 0;
			defaultConfigurationName = Release;
		};
/* End XCConfigurationList section */
	};
	rootObject = 46E8614625BC4EB500BF855B /* Project object */;
}
